// !$*UTF8*$!
{
	archiveVersion = 1;
	classes = {
	};
	objectVersion = 46;
	objects = {

/* Begin PBXBuildFile section */
		043484761D6C2A59009E5CBC /* main.m in Sources */ = {isa = PBXBuildFile; fileRef = 043484751D6C2A59009E5CBC /* main.m */; };
		043484791D6C2A59009E5CBC /* AppDelegate.m in Sources */ = {isa = PBXBuildFile; fileRef = 043484781D6C2A59009E5CBC /* AppDelegate.m */; };
		0434847C1D6C2A59009E5CBC /* ViewController.m in Sources */ = {isa = PBXBuildFile; fileRef = 0434847B1D6C2A59009E5CBC /* ViewController.m */; };
		0434847F1D6C2A59009E5CBC /* Main.storyboard in Resources */ = {isa = PBXBuildFile; fileRef = 0434847D1D6C2A59009E5CBC /* Main.storyboard */; };
		043484811D6C2A59009E5CBC /* Assets.xcassets in Resources */ = {isa = PBXBuildFile; fileRef = 043484801D6C2A59009E5CBC /* Assets.xcassets */; };
		043484841D6C2A59009E5CBC /* LaunchScreen.storyboard in Resources */ = {isa = PBXBuildFile; fileRef = 043484821D6C2A59009E5CBC /* LaunchScreen.storyboard */; };
		0434848F1D6C2A59009E5CBC /* exerciseGithubTests.m in Sources */ = {isa = PBXBuildFile; fileRef = 0434848E1D6C2A59009E5CBC /* exerciseGithubTests.m */; };
		0434849A1D6C2A59009E5CBC /* exerciseGithubUITests.m in Sources */ = {isa = PBXBuildFile; fileRef = 043484991D6C2A59009E5CBC /* exerciseGithubUITests.m */; };
/* End PBXBuildFile section */

/* Begin PBXContainerItemProxy section */
		0434848B1D6C2A59009E5CBC /* PBXContainerItemProxy */ = {
			isa = PBXContainerItemProxy;
			containerPortal = 043484691D6C2A59009E5CBC /* Project object */;
			proxyType = 1;
			remoteGlobalIDString = 043484701D6C2A59009E5CBC;
			remoteInfo = exerciseGithub;
		};
		043484961D6C2A59009E5CBC /* PBXContainerItemProxy */ = {
			isa = PBXContainerItemProxy;
			containerPortal = 043484691D6C2A59009E5CBC /* Project object */;
			proxyType = 1;
			remoteGlobalIDString = 043484701D6C2A59009E5CBC;
			remoteInfo = exerciseGithub;
		};
/* End PBXContainerItemProxy section */

/* Begin PBXFileReference section */
		043484711D6C2A59009E5CBC /* exerciseGithub.app */ = {isa = PBXFileReference; explicitFileType = wrapper.application; includeInIndex = 0; path = exerciseGithub.app; sourceTree = BUILT_PRODUCTS_DIR; };
		043484751D6C2A59009E5CBC /* main.m */ = {isa = PBXFileReference; lastKnownFileType = sourcecode.c.objc; path = main.m; sourceTree = "<group>"; };
		043484771D6C2A59009E5CBC /* AppDelegate.h */ = {isa = PBXFileReference; lastKnownFileType = sourcecode.c.h; path = AppDelegate.h; sourceTree = "<group>"; };
		043484781D6C2A59009E5CBC /* AppDelegate.m */ = {isa = PBXFileReference; lastKnownFileType = sourcecode.c.objc; path = AppDelegate.m; sourceTree = "<group>"; };
		0434847A1D6C2A59009E5CBC /* ViewController.h */ = {isa = PBXFileReference; lastKnownFileType = sourcecode.c.h; path = ViewController.h; sourceTree = "<group>"; };
		0434847B1D6C2A59009E5CBC /* ViewController.m */ = {isa = PBXFileReference; lastKnownFileType = sourcecode.c.objc; path = ViewController.m; sourceTree = "<group>"; };
		0434847E1D6C2A59009E5CBC /* Base */ = {isa = PBXFileReference; lastKnownFileType = file.storyboard; name = Base; path = Base.lproj/Main.storyboard; sourceTree = "<group>"; };
		043484801D6C2A59009E5CBC /* Assets.xcassets */ = {isa = PBXFileReference; lastKnownFileType = folder.assetcatalog; path = Assets.xcassets; sourceTree = "<group>"; };
		043484831D6C2A59009E5CBC /* Base */ = {isa = PBXFileReference; lastKnownFileType = file.storyboard; name = Base; path = Base.lproj/LaunchScreen.storyboard; sourceTree = "<group>"; };
		043484851D6C2A59009E5CBC /* Info.plist */ = {isa = PBXFileReference; lastKnownFileType = text.plist.xml; path = Info.plist; sourceTree = "<group>"; };
		0434848A1D6C2A59009E5CBC /* exerciseGithubTests.xctest */ = {isa = PBXFileReference; explicitFileType = wrapper.cfbundle; includeInIndex = 0; path = exerciseGithubTests.xctest; sourceTree = BUILT_PRODUCTS_DIR; };
		0434848E1D6C2A59009E5CBC /* exerciseGithubTests.m */ = {isa = PBXFileReference; lastKnownFileType = sourcecode.c.objc; path = exerciseGithubTests.m; sourceTree = "<group>"; };
		043484901D6C2A59009E5CBC /* Info.plist */ = {isa = PBXFileReference; lastKnownFileType = text.plist.xml; path = Info.plist; sourceTree = "<group>"; };
		043484951D6C2A59009E5CBC /* exerciseGithubUITests.xctest */ = {isa = PBXFileReference; explicitFileType = wrapper.cfbundle; includeInIndex = 0; path = exerciseGithubUITests.xctest; sourceTree = BUILT_PRODUCTS_DIR; };
		043484991D6C2A59009E5CBC /* exerciseGithubUITests.m */ = {isa = PBXFileReference; lastKnownFileType = sourcecode.c.objc; path = exerciseGithubUITests.m; sourceTree = "<group>"; };
		0434849B1D6C2A59009E5CBC /* Info.plist */ = {isa = PBXFileReference; lastKnownFileType = text.plist.xml; path = Info.plist; sourceTree = "<group>"; };
/* End PBXFileReference section */

/* Begin PBXFrameworksBuildPhase section */
		0434846E1D6C2A59009E5CBC /* Frameworks */ = {
			isa = PBXFrameworksBuildPhase;
			buildActionMask = 2147483647;
			files = (
			);
			runOnlyForDeploymentPostprocessing = 0;
		};
		043484871D6C2A59009E5CBC /* Frameworks */ = {
			isa = PBXFrameworksBuildPhase;
			buildActionMask = 2147483647;
			files = (
			);
			runOnlyForDeploymentPostprocessing = 0;
		};
		043484921D6C2A59009E5CBC /* Frameworks */ = {
			isa = PBXFrameworksBuildPhase;
			buildActionMask = 2147483647;
			files = (
			);
			runOnlyForDeploymentPostprocessing = 0;
		};
/* End PBXFrameworksBuildPhase section */

/* Begin PBXGroup section */
		043484681D6C2A59009E5CBC = {
			isa = PBXGroup;
			children = (
				043484731D6C2A59009E5CBC /* exerciseGithub */,
				0434848D1D6C2A59009E5CBC /* exerciseGithubTests */,
				043484981D6C2A59009E5CBC /* exerciseGithubUITests */,
				043484721D6C2A59009E5CBC /* Products */,
			);
			sourceTree = "<group>";
		};
		043484721D6C2A59009E5CBC /* Products */ = {
			isa = PBXGroup;
			children = (
				043484711D6C2A59009E5CBC /* exerciseGithub.app */,
				0434848A1D6C2A59009E5CBC /* exerciseGithubTests.xctest */,
				043484951D6C2A59009E5CBC /* exerciseGithubUITests.xctest */,
			);
			name = Products;
			sourceTree = "<group>";
		};
		043484731D6C2A59009E5CBC /* exerciseGithub */ = {
			isa = PBXGroup;
			children = (
				043484771D6C2A59009E5CBC /* AppDelegate.h */,
				043484781D6C2A59009E5CBC /* AppDelegate.m */,
				0434847A1D6C2A59009E5CBC /* ViewController.h */,
				0434847B1D6C2A59009E5CBC /* ViewController.m */,
				0434847D1D6C2A59009E5CBC /* Main.storyboard */,
				043484801D6C2A59009E5CBC /* Assets.xcassets */,
				043484821D6C2A59009E5CBC /* LaunchScreen.storyboard */,
				043484851D6C2A59009E5CBC /* Info.plist */,
				043484741D6C2A59009E5CBC /* Supporting Files */,
			);
			path = exerciseGithub;
			sourceTree = "<group>";
		};
		043484741D6C2A59009E5CBC /* Supporting Files */ = {
			isa = PBXGroup;
			children = (
				043484751D6C2A59009E5CBC /* main.m */,
			);
			name = "Supporting Files";
			sourceTree = "<group>";
		};
		0434848D1D6C2A59009E5CBC /* exerciseGithubTests */ = {
			isa = PBXGroup;
			children = (
				0434848E1D6C2A59009E5CBC /* exerciseGithubTests.m */,
				043484901D6C2A59009E5CBC /* Info.plist */,
			);
			path = exerciseGithubTests;
			sourceTree = "<group>";
		};
		043484981D6C2A59009E5CBC /* exerciseGithubUITests */ = {
			isa = PBXGroup;
			children = (
				043484991D6C2A59009E5CBC /* exerciseGithubUITests.m */,
				0434849B1D6C2A59009E5CBC /* Info.plist */,
			);
			path = exerciseGithubUITests;
			sourceTree = "<group>";
		};
/* End PBXGroup section */

/* Begin PBXNativeTarget section */
		043484701D6C2A59009E5CBC /* exerciseGithub */ = {
			isa = PBXNativeTarget;
			buildConfigurationList = 0434849E1D6C2A59009E5CBC /* Build configuration list for PBXNativeTarget "exerciseGithub" */;
			buildPhases = (
				0434846D1D6C2A59009E5CBC /* Sources */,
				0434846E1D6C2A59009E5CBC /* Frameworks */,
				0434846F1D6C2A59009E5CBC /* Resources */,
			);
			buildRules = (
			);
			dependencies = (
			);
			name = exerciseGithub;
			productName = exerciseGithub;
			productReference = 043484711D6C2A59009E5CBC /* exerciseGithub.app */;
			productType = "com.apple.product-type.application";
		};
		043484891D6C2A59009E5CBC /* exerciseGithubTests */ = {
			isa = PBXNativeTarget;
			buildConfigurationList = 043484A11D6C2A59009E5CBC /* Build configuration list for PBXNativeTarget "exerciseGithubTests" */;
			buildPhases = (
				043484861D6C2A59009E5CBC /* Sources */,
				043484871D6C2A59009E5CBC /* Frameworks */,
				043484881D6C2A59009E5CBC /* Resources */,
			);
			buildRules = (
			);
			dependencies = (
				0434848C1D6C2A59009E5CBC /* PBXTargetDependency */,
			);
			name = exerciseGithubTests;
			productName = exerciseGithubTests;
			productReference = 0434848A1D6C2A59009E5CBC /* exerciseGithubTests.xctest */;
			productType = "com.apple.product-type.bundle.unit-test";
		};
		043484941D6C2A59009E5CBC /* exerciseGithubUITests */ = {
			isa = PBXNativeTarget;
			buildConfigurationList = 043484A41D6C2A59009E5CBC /* Build configuration list for PBXNativeTarget "exerciseGithubUITests" */;
			buildPhases = (
				043484911D6C2A59009E5CBC /* Sources */,
				043484921D6C2A59009E5CBC /* Frameworks */,
				043484931D6C2A59009E5CBC /* Resources */,
			);
			buildRules = (
			);
			dependencies = (
				043484971D6C2A59009E5CBC /* PBXTargetDependency */,
			);
			name = exerciseGithubUITests;
			productName = exerciseGithubUITests;
			productReference = 043484951D6C2A59009E5CBC /* exerciseGithubUITests.xctest */;
			productType = "com.apple.product-type.bundle.ui-testing";
		};
/* End PBXNativeTarget section */

/* Begin PBXProject section */
		043484691D6C2A59009E5CBC /* Project object */ = {
			isa = PBXProject;
			attributes = {
				LastUpgradeCheck = 0720;
				ORGANIZATIONNAME = Mac;
				TargetAttributes = {
					043484701D6C2A59009E5CBC = {
						CreatedOnToolsVersion = 7.2;
					};
					043484891D6C2A59009E5CBC = {
						CreatedOnToolsVersion = 7.2;
						TestTargetID = 043484701D6C2A59009E5CBC;
					};
					043484941D6C2A59009E5CBC = {
						CreatedOnToolsVersion = 7.2;
						TestTargetID = 043484701D6C2A59009E5CBC;
					};
				};
			};
			buildConfigurationList = 0434846C1D6C2A59009E5CBC /* Build configuration list for PBXProject "exerciseGithub" */;
			compatibilityVersion = "Xcode 3.2";
			developmentRegion = English;
			hasScannedForEncodings = 0;
			knownRegions = (
				en,
				Base,
			);
			mainGroup = 043484681D6C2A59009E5CBC;
			productRefGroup = 043484721D6C2A59009E5CBC /* Products */;
			projectDirPath = "";
			projectRoot = "";
			targets = (
				043484701D6C2A59009E5CBC /* exerciseGithub */,
				043484891D6C2A59009E5CBC /* exerciseGithubTests */,
				043484941D6C2A59009E5CBC /* exerciseGithubUITests */,
			);
		};
/* End PBXProject section */

/* Begin PBXResourcesBuildPhase section */
		0434846F1D6C2A59009E5CBC /* Resources */ = {
			isa = PBXResourcesBuildPhase;
			buildActionMask = 2147483647;
			files = (
				043484841D6C2A59009E5CBC /* LaunchScreen.storyboard in Resources */,
				043484811D6C2A59009E5CBC /* Assets.xcassets in Resources */,
				0434847F1D6C2A59009E5CBC /* Main.storyboard in Resources */,
			);
			runOnlyForDeploymentPostprocessing = 0;
		};
		043484881D6C2A59009E5CBC /* Resources */ = {
			isa = PBXResourcesBuildPhase;
			buildActionMask = 2147483647;
			files = (
			);
			runOnlyForDeploymentPostprocessing = 0;
		};
		043484931D6C2A59009E5CBC /* Resources */ = {
			isa = PBXResourcesBuildPhase;
			buildActionMask = 2147483647;
			files = (
			);
			runOnlyForDeploymentPostprocessing = 0;
		};
/* End PBXResourcesBuildPhase section */

/* Begin PBXSourcesBuildPhase section */
		0434846D1D6C2A59009E5CBC /* Sources */ = {
			isa = PBXSourcesBuildPhase;
			buildActionMask = 2147483647;
			files = (
				0434847C1D6C2A59009E5CBC /* ViewController.m in Sources */,
				043484791D6C2A59009E5CBC /* AppDelegate.m in Sources */,
				043484761D6C2A59009E5CBC /* main.m in Sources */,
			);
			runOnlyForDeploymentPostprocessing = 0;
		};
		043484861D6C2A59009E5CBC /* Sources */ = {
			isa = PBXSourcesBuildPhase;
			buildActionMask = 2147483647;
			files = (
				0434848F1D6C2A59009E5CBC /* exerciseGithubTests.m in Sources */,
			);
			runOnlyForDeploymentPostprocessing = 0;
		};
		043484911D6C2A59009E5CBC /* Sources */ = {
			isa = PBXSourcesBuildPhase;
			buildActionMask = 2147483647;
			files = (
				0434849A1D6C2A59009E5CBC /* exerciseGithubUITests.m in Sources */,
			);
			runOnlyForDeploymentPostprocessing = 0;
		};
/* End PBXSourcesBuildPhase section */

/* Begin PBXTargetDependency section */
		0434848C1D6C2A59009E5CBC /* PBXTargetDependency */ = {
			isa = PBXTargetDependency;
			target = 043484701D6C2A59009E5CBC /* exerciseGithub */;
			targetProxy = 0434848B1D6C2A59009E5CBC /* PBXContainerItemProxy */;
		};
		043484971D6C2A59009E5CBC /* PBXTargetDependency */ = {
			isa = PBXTargetDependency;
			target = 043484701D6C2A59009E5CBC /* exerciseGithub */;
			targetProxy = 043484961D6C2A59009E5CBC /* PBXContainerItemProxy */;
		};
/* End PBXTargetDependency section */

/* Begin PBXVariantGroup section */
		0434847D1D6C2A59009E5CBC /* Main.storyboard */ = {
			isa = PBXVariantGroup;
			children = (
				0434847E1D6C2A59009E5CBC /* Base */,
			);
			name = Main.storyboard;
			sourceTree = "<group>";
		};
		043484821D6C2A59009E5CBC /* LaunchScreen.storyboard */ = {
			isa = PBXVariantGroup;
			children = (
				043484831D6C2A59009E5CBC /* Base */,
			);
			name = LaunchScreen.storyboard;
			sourceTree = "<group>";
		};
/* End PBXVariantGroup section */

/* Begin XCBuildConfiguration section */
		0434849C1D6C2A59009E5CBC /* Debug */ = {
			isa = XCBuildConfiguration;
			buildSettings = {
				ALWAYS_SEARCH_USER_PATHS = NO;
				CLANG_CXX_LANGUAGE_STANDARD = "gnu++0x";
				CLANG_CXX_LIBRARY = "libc++";
				CLANG_ENABLE_MODULES = YES;
				CLANG_ENABLE_OBJC_ARC = YES;
				CLANG_WARN_BOOL_CONVERSION = YES;
				CLANG_WARN_CONSTANT_CONVERSION = YES;
				CLANG_WARN_DIRECT_OBJC_ISA_USAGE = YES_ERROR;
				CLANG_WARN_EMPTY_BODY = YES;
				CLANG_WARN_ENUM_CONVERSION = YES;
				CLANG_WARN_INT_CONVERSION = YES;
				CLANG_WARN_OBJC_ROOT_CLASS = YES_ERROR;
				CLANG_WARN_UNREACHABLE_CODE = YES;
				CLANG_WARN__DUPLICATE_METHOD_MATCH = YES;
				"CODE_SIGN_IDENTITY[sdk=iphoneos*]" = "iPhone Developer";
				COPY_PHASE_STRIP = NO;
				DEBUG_INFORMATION_FORMAT = dwarf;
				ENABLE_STRICT_OBJC_MSGSEND = YES;
				ENABLE_TESTABILITY = YES;
				GCC_C_LANGUAGE_STANDARD = gnu99;
				GCC_DYNAMIC_NO_PIC = NO;
				GCC_NO_COMMON_BLOCKS = YES;
				GCC_OPTIMIZATION_LEVEL = 0;
				GCC_PREPROCESSOR_DEFINITIONS = (
					"DEBUG=1",
					"$(inherited)",
				);
				GCC_WARN_64_TO_32_BIT_CONVERSION = YES;
				GCC_WARN_ABOUT_RETURN_TYPE = YES_ERROR;
				GCC_WARN_UNDECLARED_SELECTOR = YES;
				GCC_WARN_UNINITIALIZED_AUTOS = YES_AGGRESSIVE;
				GCC_WARN_UNUSED_FUNCTION = YES;
				GCC_WARN_UNUSED_VARIABLE = YES;
				IPHONEOS_DEPLOYMENT_TARGET = 9.2;
				MTL_ENABLE_DEBUG_INFO = YES;
				ONLY_ACTIVE_ARCH = YES;
				SDKROOT = iphoneos;
			};
			name = Debug;
		};
		0434849D1D6C2A59009E5CBC /* Release */ = {
			isa = XCBuildConfiguration;
			buildSettings = {
				ALWAYS_SEARCH_USER_PATHS = NO;
				CLANG_CXX_LANGUAGE_STANDARD = "gnu++0x";
				CLANG_CXX_LIBRARY = "libc++";
				CLANG_ENABLE_MODULES = YES;
				CLANG_ENABLE_OBJC_ARC = YES;
				CLANG_WARN_BOOL_CONVERSION = YES;
				CLANG_WARN_CONSTANT_CONVERSION = YES;
				CLANG_WARN_DIRECT_OBJC_ISA_USAGE = YES_ERROR;
				CLANG_WARN_EMPTY_BODY = YES;
				CLANG_WARN_ENUM_CONVERSION = YES;
				CLANG_WARN_INT_CONVERSION = YES;
				CLANG_WARN_OBJC_ROOT_CLASS = YES_ERROR;
				CLANG_WARN_UNREACHABLE_CODE = YES;
				CLANG_WARN__DUPLICATE_METHOD_MATCH = YES;
				"CODE_SIGN_IDENTITY[sdk=iphoneos*]" = "iPhone Developer";
				COPY_PHASE_STRIP = NO;
				DEBUG_INFORMATION_FORMAT = "dwarf-with-dsym";
				ENABLE_NS_ASSERTIONS = NO;
				ENABLE_STRICT_OBJC_MSGSEND = YES;
				GCC_C_LANGUAGE_STANDARD = gnu99;
				GCC_NO_COMMON_BLOCKS = YES;
				GCC_WARN_64_TO_32_BIT_CONVERSION = YES;
				GCC_WARN_ABOUT_RETURN_TYPE = YES_ERROR;
				GCC_WARN_UNDECLARED_SELECTOR = YES;
				GCC_WARN_UNINITIALIZED_AUTOS = YES_AGGRESSIVE;
				GCC_WARN_UNUSED_FUNCTION = YES;
				GCC_WARN_UNUSED_VARIABLE = YES;
				IPHONEOS_DEPLOYMENT_TARGET = 9.2;
				MTL_ENABLE_DEBUG_INFO = NO;
				SDKROOT = iphoneos;
				VALIDATE_PRODUCT = YES;
			};
			name = Release;
		};
		0434849F1D6C2A59009E5CBC /* Debug */ = {
			isa = XCBuildConfiguration;
			buildSettings = {
				ASSETCATALOG_COMPILER_APPICON_NAME = AppIcon;
				INFOPLIST_FILE = exerciseGithub/Info.plist;
				LD_RUNPATH_SEARCH_PATHS = "$(inherited) @executable_path/Frameworks";
				PRODUCT_BUNDLE_IDENTIFIER = guigu.com.exerciseGithub;
				PRODUCT_NAME = "$(TARGET_NAME)";
			};
			name = Debug;
		};
		043484A01D6C2A59009E5CBC /* Release */ = {
			isa = XCBuildConfiguration;
			buildSettings = {
				ASSETCATALOG_COMPILER_APPICON_NAME = AppIcon;
				INFOPLIST_FILE = exerciseGithub/Info.plist;
				LD_RUNPATH_SEARCH_PATHS = "$(inherited) @executable_path/Frameworks";
				PRODUCT_BUNDLE_IDENTIFIER = guigu.com.exerciseGithub;
				PRODUCT_NAME = "$(TARGET_NAME)";
			};
			name = Release;
		};
		043484A21D6C2A59009E5CBC /* Debug */ = {
			isa = XCBuildConfiguration;
			buildSettings = {
				BUNDLE_LOADER = "$(TEST_HOST)";
				INFOPLIST_FILE = exerciseGithubTests/Info.plist;
				LD_RUNPATH_SEARCH_PATHS = "$(inherited) @executable_path/Frameworks @loader_path/Frameworks";
				PRODUCT_BUNDLE_IDENTIFIER = guigu.com.exerciseGithubTests;
				PRODUCT_NAME = "$(TARGET_NAME)";
				TEST_HOST = "$(BUILT_PRODUCTS_DIR)/exerciseGithub.app/exerciseGithub";
			};
			name = Debug;
		};
		043484A31D6C2A59009E5CBC /* Release */ = {
			isa = XCBuildConfiguration;
			buildSettings = {
				BUNDLE_LOADER = "$(TEST_HOST)";
				INFOPLIST_FILE = exerciseGithubTests/Info.plist;
				LD_RUNPATH_SEARCH_PATHS = "$(inherited) @executable_path/Frameworks @loader_path/Frameworks";
				PRODUCT_BUNDLE_IDENTIFIER = guigu.com.exerciseGithubTests;
				PRODUCT_NAME = "$(TARGET_NAME)";
				TEST_HOST = "$(BUILT_PRODUCTS_DIR)/exerciseGithub.app/exerciseGithub";
			};
			name = Release;
		};
		043484A51D6C2A59009E5CBC /* Debug */ = {
			isa = XCBuildConfiguration;
			buildSettings = {
				INFOPLIST_FILE = exerciseGithubUITests/Info.plist;
				LD_RUNPATH_SEARCH_PATHS = "$(inherited) @executable_path/Frameworks @loader_path/Frameworks";
				PRODUCT_BUNDLE_IDENTIFIER = guigu.com.exerciseGithubUITests;
				PRODUCT_NAME = "$(TARGET_NAME)";
				TEST_TARGET_NAME = exerciseGithub;
				USES_XCTRUNNER = YES;
			};
			name = Debug;
		};
		043484A61D6C2A59009E5CBC /* Release */ = {
			isa = XCBuildConfiguration;
			buildSettings = {
				INFOPLIST_FILE = exerciseGithubUITests/Info.plist;
				LD_RUNPATH_SEARCH_PATHS = "$(inherited) @executable_path/Frameworks @loader_path/Frameworks";
				PRODUCT_BUNDLE_IDENTIFIER = guigu.com.exerciseGithubUITests;
				PRODUCT_NAME = "$(TARGET_NAME)";
				TEST_TARGET_NAME = exerciseGithub;
				USES_XCTRUNNER = YES;
			};
			name = Release;
		};
/* End XCBuildConfiguration section */

/* Begin XCConfigurationList section */
		0434846C1D6C2A59009E5CBC /* Build configuration list for PBXProject "exerciseGithub" */ = {
			isa = XCConfigurationList;
			buildConfigurations = (
				0434849C1D6C2A59009E5CBC /* Debug */,
				0434849D1D6C2A59009E5CBC /* Release */,
			);
			defaultConfigurationIsVisible = 0;
			defaultConfigurationName = Release;
		};
		0434849E1D6C2A59009E5CBC /* Build configuration list for PBXNativeTarget "exerciseGithub" */ = {
			isa = XCConfigurationList;
			buildConfigurations = (
				0434849F1D6C2A59009E5CBC /* Debug */,
				043484A01D6C2A59009E5CBC /* Release */,
			);
			defaultConfigurationIsVisible = 0;
		};
		043484A11D6C2A59009E5CBC /* Build configuration list for PBXNativeTarget "exerciseGithubTests" */ = {
			isa = XCConfigurationList;
			buildConfigurations = (
				043484A21D6C2A59009E5CBC /* Debug */,
				043484A31D6C2A59009E5CBC /* Release */,
			);
			defaultConfigurationIsVisible = 0;
		};
		043484A41D6C2A59009E5CBC /* Build configuration list for PBXNativeTarget "exerciseGithubUITests" */ = {
			isa = XCConfigurationList;
			buildConfigurations = (
				043484A51D6C2A59009E5CBC /* Debug */,
				043484A61D6C2A59009E5CBC /* Release */,
			);
			defaultConfigurationIsVisible = 0;
		};
/* End XCConfigurationList section */
	};
	rootObject = 043484691D6C2A59009E5CBC /* Project object */;
}
